// !$*UTF8*$!
{
	archiveVersion = 1;
	classes = {
	};
	objectVersion = 56;
	objects = {

/* Begin PBXBuildFile section */
		F4C8B0FD2BE10E7F0076DC8D /* AppDelegate.swift in Sources */ = {isa = PBXBuildFile; fileRef = F4C8B0FC2BE10E7F0076DC8D /* AppDelegate.swift */; };
		F4C8B0FF2BE10E7F0076DC8D /* GameScene.sks in Resources */ = {isa = PBXBuildFile; fileRef = F4C8B0FE2BE10E7F0076DC8D /* GameScene.sks */; };
		F4C8B1012BE10E7F0076DC8D /* Actions.sks in Resources */ = {isa = PBXBuildFile; fileRef = F4C8B1002BE10E7F0076DC8D /* Actions.sks */; };
		F4C8B1032BE10E7F0076DC8D /* GameScene.swift in Sources */ = {isa = PBXBuildFile; fileRef = F4C8B1022BE10E7F0076DC8D /* GameScene.swift */; };
		F4C8B1052BE10E7F0076DC8D /* GameViewController.swift in Sources */ = {isa = PBXBuildFile; fileRef = F4C8B1042BE10E7F0076DC8D /* GameViewController.swift */; };
		F4C8B1082BE10E7F0076DC8D /* Main.storyboard in Resources */ = {isa = PBXBuildFile; fileRef = F4C8B1062BE10E7F0076DC8D /* Main.storyboard */; };
		F4C8B10A2BE10E820076DC8D /* Assets.xcassets in Resources */ = {isa = PBXBuildFile; fileRef = F4C8B1092BE10E820076DC8D /* Assets.xcassets */; };
		F4C8B1152BE10F5C0076DC8D /* Card.swift in Sources */ = {isa = PBXBuildFile; fileRef = F4C8B1142BE10F5C0076DC8D /* Card.swift */; };
		F4C8B11D2BE10FFD0076DC8D /* MenuVC.swift in Sources */ = {isa = PBXBuildFile; fileRef = F4C8B11C2BE10FFD0076DC8D /* MenuVC.swift */; };
		F4C8B1232BE110640076DC8D /* NotificationsVC.swift in Sources */ = {isa = PBXBuildFile; fileRef = F4C8B1222BE110640076DC8D /* NotificationsVC.swift */; };
		F4D283622BE122FB009D1DF2 /* SplashVC.swift in Sources */ = {isa = PBXBuildFile; fileRef = F4D283612BE122FB009D1DF2 /* SplashVC.swift */; };
/* End PBXBuildFile section */

/* Begin PBXFileReference section */
		F4C8B0F92BE10E7F0076DC8D /* MemoryGame.app */ = {isa = PBXFileReference; explicitFileType = wrapper.application; includeInIndex = 0; path = MemoryGame.app; sourceTree = BUILT_PRODUCTS_DIR; };
		F4C8B0FC2BE10E7F0076DC8D /* AppDelegate.swift */ = {isa = PBXFileReference; lastKnownFileType = sourcecode.swift; path = AppDelegate.swift; sourceTree = "<group>"; };
		F4C8B0FE2BE10E7F0076DC8D /* GameScene.sks */ = {isa = PBXFileReference; lastKnownFileType = file.sks; path = GameScene.sks; sourceTree = "<group>"; };
		F4C8B1002BE10E7F0076DC8D /* Actions.sks */ = {isa = PBXFileReference; lastKnownFileType = file.sks; path = Actions.sks; sourceTree = "<group>"; };
		F4C8B1022BE10E7F0076DC8D /* GameScene.swift */ = {isa = PBXFileReference; lastKnownFileType = sourcecode.swift; path = GameScene.swift; sourceTree = "<group>"; };
		F4C8B1042BE10E7F0076DC8D /* GameViewController.swift */ = {isa = PBXFileReference; lastKnownFileType = sourcecode.swift; path = GameViewController.swift; sourceTree = "<group>"; };
		F4C8B1072BE10E7F0076DC8D /* Base */ = {isa = PBXFileReference; lastKnownFileType = file.storyboard; name = Base; path = Base.lproj/Main.storyboard; sourceTree = "<group>"; };
		F4C8B1092BE10E820076DC8D /* Assets.xcassets */ = {isa = PBXFileReference; lastKnownFileType = folder.assetcatalog; path = Assets.xcassets; sourceTree = "<group>"; };
		F4C8B1142BE10F5C0076DC8D /* Card.swift */ = {isa = PBXFileReference; lastKnownFileType = sourcecode.swift; path = Card.swift; sourceTree = "<group>"; };
		F4C8B11C2BE10FFD0076DC8D /* MenuVC.swift */ = {isa = PBXFileReference; lastKnownFileType = sourcecode.swift; path = MenuVC.swift; sourceTree = "<group>"; };
		F4C8B1222BE110640076DC8D /* NotificationsVC.swift */ = {isa = PBXFileReference; lastKnownFileType = sourcecode.swift; path = NotificationsVC.swift; sourceTree = "<group>"; };
		F4D283612BE122FB009D1DF2 /* SplashVC.swift */ = {isa = PBXFileReference; lastKnownFileType = sourcecode.swift; path = SplashVC.swift; sourceTree = "<group>"; };
/* End PBXFileReference section */

/* Begin PBXFrameworksBuildPhase section */
		F4C8B0F62BE10E7F0076DC8D /* Frameworks */ = {
			isa = PBXFrameworksBuildPhase;
			buildActionMask = 2147483647;
			files = (
			);
			runOnlyForDeploymentPostprocessing = 0;
		};
/* End PBXFrameworksBuildPhase section */

/* Begin PBXGroup section */
		F4C8B0F02BE10E7F0076DC8D = {
			isa = PBXGroup;
			children = (
				F4C8B0FB2BE10E7F0076DC8D /* MemoryGame */,
				F4C8B0FA2BE10E7F0076DC8D /* Products */,
			);
			sourceTree = "<group>";
		};
		F4C8B0FA2BE10E7F0076DC8D /* Products */ = {
			isa = PBXGroup;
			children = (
				F4C8B0F92BE10E7F0076DC8D /* MemoryGame.app */,
			);
			name = Products;
			sourceTree = "<group>";
		};
		F4C8B0FB2BE10E7F0076DC8D /* MemoryGame */ = {
			isa = PBXGroup;
			children = (
				F4C8B0FC2BE10E7F0076DC8D /* AppDelegate.swift */,
				F4C8B1132BE10F460076DC8D /* Models */,
				F4C8B1162BE10F790076DC8D /* Views */,
				F4C8B1192BE10FC00076DC8D /* Controllers */,
				F4C8B1292BE110D60076DC8D /* Resources */,
			);
			path = MemoryGame;
			sourceTree = "<group>";
		};
		F4C8B1132BE10F460076DC8D /* Models */ = {
			isa = PBXGroup;
			children = (
				F4C8B1142BE10F5C0076DC8D /* Card.swift */,
			);
			path = Models;
			sourceTree = "<group>";
		};
		F4C8B1162BE10F790076DC8D /* Views */ = {
			isa = PBXGroup;
			children = (
				F4C8B1002BE10E7F0076DC8D /* Actions.sks */,
				F4C8B0FE2BE10E7F0076DC8D /* GameScene.sks */,
				F4C8B1062BE10E7F0076DC8D /* Main.storyboard */,
			);
			path = Views;
			sourceTree = "<group>";
		};
		F4C8B1192BE10FC00076DC8D /* Controllers */ = {
			isa = PBXGroup;
			children = (
				F4C8B1042BE10E7F0076DC8D /* GameViewController.swift */,
				F4C8B1022BE10E7F0076DC8D /* GameScene.swift */,
				F4C8B11C2BE10FFD0076DC8D /* MenuVC.swift */,
				F4C8B1222BE110640076DC8D /* NotificationsVC.swift */,
				F4D283612BE122FB009D1DF2 /* SplashVC.swift */,
			);
			path = Controllers;
			sourceTree = "<group>";
		};
		F4C8B1292BE110D60076DC8D /* Resources */ = {
			isa = PBXGroup;
			children = (
				F4C8B1092BE10E820076DC8D /* Assets.xcassets */,
			);
			path = Resources;
			sourceTree = "<group>";
		};
/* End PBXGroup section */

/* Begin PBXNativeTarget section */
		F4C8B0F82BE10E7F0076DC8D /* MemoryGame */ = {
			isa = PBXNativeTarget;
			buildConfigurationList = F4C8B1102BE10E820076DC8D /* Build configuration list for PBXNativeTarget "MemoryGame" */;
			buildPhases = (
				F4C8B0F52BE10E7F0076DC8D /* Sources */,
				F4C8B0F62BE10E7F0076DC8D /* Frameworks */,
				F4C8B0F72BE10E7F0076DC8D /* Resources */,
			);
			buildRules = (
			);
			dependencies = (
			);
			name = MemoryGame;
			productName = MemoryGame;
			productReference = F4C8B0F92BE10E7F0076DC8D /* MemoryGame.app */;
			productType = "com.apple.product-type.application";
		};
/* End PBXNativeTarget section */

/* Begin PBXProject section */
		F4C8B0F12BE10E7F0076DC8D /* Project object */ = {
			isa = PBXProject;
			attributes = {
				BuildIndependentTargetsInParallel = 1;
				LastSwiftUpdateCheck = 1500;
				LastUpgradeCheck = 1500;
				TargetAttributes = {
					F4C8B0F82BE10E7F0076DC8D = {
						CreatedOnToolsVersion = 15.0;
					};
				};
			};
			buildConfigurationList = F4C8B0F42BE10E7F0076DC8D /* Build configuration list for PBXProject "MemoryGame" */;
			compatibilityVersion = "Xcode 14.0";
			developmentRegion = en;
			hasScannedForEncodings = 0;
			knownRegions = (
				en,
				Base,
			);
			mainGroup = F4C8B0F02BE10E7F0076DC8D;
			productRefGroup = F4C8B0FA2BE10E7F0076DC8D /* Products */;
			projectDirPath = "";
			projectRoot = "";
			targets = (
				F4C8B0F82BE10E7F0076DC8D /* MemoryGame */,
			);
		};
/* End PBXProject section */

/* Begin PBXResourcesBuildPhase section */
		F4C8B0F72BE10E7F0076DC8D /* Resources */ = {
			isa = PBXResourcesBuildPhase;
			buildActionMask = 2147483647;
			files = (
				F4C8B1082BE10E7F0076DC8D /* Main.storyboard in Resources */,
				F4C8B0FF2BE10E7F0076DC8D /* GameScene.sks in Resources */,
				F4C8B10A2BE10E820076DC8D /* Assets.xcassets in Resources */,
				F4C8B1012BE10E7F0076DC8D /* Actions.sks in Resources */,
			);
			runOnlyForDeploymentPostprocessing = 0;
		};
/* End PBXResourcesBuildPhase section */

/* Begin PBXSourcesBuildPhase section */
		F4C8B0F52BE10E7F0076DC8D /* Sources */ = {
			isa = PBXSourcesBuildPhase;
			buildActionMask = 2147483647;
			files = (
				F4C8B1032BE10E7F0076DC8D /* GameScene.swift in Sources */,
				F4C8B1232BE110640076DC8D /* NotificationsVC.swift in Sources */,
				F4C8B1052BE10E7F0076DC8D /* GameViewController.swift in Sources */,
				F4D283622BE122FB009D1DF2 /* SplashVC.swift in Sources */,
				F4C8B0FD2BE10E7F0076DC8D /* AppDelegate.swift in Sources */,
				F4C8B1152BE10F5C0076DC8D /* Card.swift in Sources */,
				F4C8B11D2BE10FFD0076DC8D /* MenuVC.swift in Sources */,
			);
			runOnlyForDeploymentPostprocessing = 0;
		};
/* End PBXSourcesBuildPhase section */

/* Begin PBXVariantGroup section */
		F4C8B1062BE10E7F0076DC8D /* Main.storyboard */ = {
			isa = PBXVariantGroup;
			children = (
				F4C8B1072BE10E7F0076DC8D /* Base */,
			);
			name = Main.storyboard;
			sourceTree = "<group>";
		};
/* End PBXVariantGroup section */

/* Begin XCBuildConfiguration section */
		F4C8B10E2BE10E820076DC8D /* Debug */ = {
			isa = XCBuildConfiguration;
			buildSettings = {
				ALWAYS_SEARCH_USER_PATHS = NO;
				ASSETCATALOG_COMPILER_GENERATE_SWIFT_ASSET_SYMBOL_EXTENSIONS = YES;
				CLANG_ANALYZER_NONNULL = YES;
				CLANG_ANALYZER_NUMBER_OBJECT_CONVERSION = YES_AGGRESSIVE;
				CLANG_CXX_LANGUAGE_STANDARD = "gnu++20";
				CLANG_ENABLE_MODULES = YES;
				CLANG_ENABLE_OBJC_ARC = YES;
				CLANG_ENABLE_OBJC_WEAK = YES;
				CLANG_WARN_BLOCK_CAPTURE_AUTORELEASING = YES;
				CLANG_WARN_BOOL_CONVERSION = YES;
				CLANG_WARN_COMMA = YES;
				CLANG_WARN_CONSTANT_CONVERSION = YES;
				CLANG_WARN_DEPRECATED_OBJC_IMPLEMENTATIONS = YES;
				CLANG_WARN_DIRECT_OBJC_ISA_USAGE = YES_ERROR;
				CLANG_WARN_DOCUMENTATION_COMMENTS = YES;
				CLANG_WARN_EMPTY_BODY = YES;
				CLANG_WARN_ENUM_CONVERSION = YES;
				CLANG_WARN_INFINITE_RECURSION = YES;
				CLANG_WARN_INT_CONVERSION = YES;
				CLANG_WARN_NON_LITERAL_NULL_CONVERSION = YES;
				CLANG_WARN_OBJC_IMPLICIT_RETAIN_SELF = YES;
				CLANG_WARN_OBJC_LITERAL_CONVERSION = YES;
				CLANG_WARN_OBJC_ROOT_CLASS = YES_ERROR;
				CLANG_WARN_QUOTED_INCLUDE_IN_FRAMEWORK_HEADER = YES;
				CLANG_WARN_RANGE_LOOP_ANALYSIS = YES;
				CLANG_WARN_STRICT_PROTOTYPES = YES;
				CLANG_WARN_SUSPICIOUS_MOVE = YES;
				CLANG_WARN_UNGUARDED_AVAILABILITY = YES_AGGRESSIVE;
				CLANG_WARN_UNREACHABLE_CODE = YES;
				CLANG_WARN__DUPLICATE_METHOD_MATCH = YES;
				COPY_PHASE_STRIP = NO;
				DEBUG_INFORMATION_FORMAT = dwarf;
				ENABLE_STRICT_OBJC_MSGSEND = YES;
				ENABLE_TESTABILITY = YES;
				ENABLE_USER_SCRIPT_SANDBOXING = YES;
				GCC_C_LANGUAGE_STANDARD = gnu17;
				GCC_DYNAMIC_NO_PIC = NO;
				GCC_NO_COMMON_BLOCKS = YES;
				GCC_OPTIMIZATION_LEVEL = 0;
				GCC_PREPROCESSOR_DEFINITIONS = (
					"DEBUG=1",
					"$(inherited)",
				);
				GCC_WARN_64_TO_32_BIT_CONVERSION = YES;
				GCC_WARN_ABOUT_RETURN_TYPE = YES_ERROR;
				GCC_WARN_UNDECLARED_SELECTOR = YES;
				GCC_WARN_UNINITIALIZED_AUTOS = YES_AGGRESSIVE;
				GCC_WARN_UNUSED_FUNCTION = YES;
				GCC_WARN_UNUSED_VARIABLE = YES;
				IPHONEOS_DEPLOYMENT_TARGET = 17.0;
				LOCALIZATION_PREFERS_STRING_CATALOGS = YES;
				MTL_ENABLE_DEBUG_INFO = INCLUDE_SOURCE;
				MTL_FAST_MATH = YES;
				ONLY_ACTIVE_ARCH = YES;
				SDKROOT = iphoneos;
				SWIFT_ACTIVE_COMPILATION_CONDITIONS = "DEBUG $(inherited)";
				SWIFT_OPTIMIZATION_LEVEL = "-Onone";
			};
			name = Debug;
		};
		F4C8B10F2BE10E820076DC8D /* Release */ = {
			isa = XCBuildConfiguration;
			buildSettings = {
				ALWAYS_SEARCH_USER_PATHS = NO;
				ASSETCATALOG_COMPILER_GENERATE_SWIFT_ASSET_SYMBOL_EXTENSIONS = YES;
				CLANG_ANALYZER_NONNULL = YES;
				CLANG_ANALYZER_NUMBER_OBJECT_CONVERSION = YES_AGGRESSIVE;
				CLANG_CXX_LANGUAGE_STANDARD = "gnu++20";
				CLANG_ENABLE_MODULES = YES;
				CLANG_ENABLE_OBJC_ARC = YES;
				CLANG_ENABLE_OBJC_WEAK = YES;
				CLANG_WARN_BLOCK_CAPTURE_AUTORELEASING = YES;
				CLANG_WARN_BOOL_CONVERSION = YES;
				CLANG_WARN_COMMA = YES;
				CLANG_WARN_CONSTANT_CONVERSION = YES;
				CLANG_WARN_DEPRECATED_OBJC_IMPLEMENTATIONS = YES;
				CLANG_WARN_DIRECT_OBJC_ISA_USAGE = YES_ERROR;
				CLANG_WARN_DOCUMENTATION_COMMENTS = YES;
				CLANG_WARN_EMPTY_BODY = YES;
				CLANG_WARN_ENUM_CONVERSION = YES;
				CLANG_WARN_INFINITE_RECURSION = YES;
				CLANG_WARN_INT_CONVERSION = YES;
				CLANG_WARN_NON_LITERAL_NULL_CONVERSION = YES;
				CLANG_WARN_OBJC_IMPLICIT_RETAIN_SELF = YES;
				CLANG_WARN_OBJC_LITERAL_CONVERSION = YES;
				CLANG_WARN_OBJC_ROOT_CLASS = YES_ERROR;
				CLANG_WARN_QUOTED_INCLUDE_IN_FRAMEWORK_HEADER = YES;
				CLANG_WARN_RANGE_LOOP_ANALYSIS = YES;
				CLANG_WARN_STRICT_PROTOTYPES = YES;
				CLANG_WARN_SUSPICIOUS_MOVE = YES;
				CLANG_WARN_UNGUARDED_AVAILABILITY = YES_AGGRESSIVE;
				CLANG_WARN_UNREACHABLE_CODE = YES;
				CLANG_WARN__DUPLICATE_METHOD_MATCH = YES;
				COPY_PHASE_STRIP = NO;
				DEBUG_INFORMATION_FORMAT = "dwarf-with-dsym";
				ENABLE_NS_ASSERTIONS = NO;
				ENABLE_STRICT_OBJC_MSGSEND = YES;
				ENABLE_USER_SCRIPT_SANDBOXING = YES;
				GCC_C_LANGUAGE_STANDARD = gnu17;
				GCC_NO_COMMON_BLOCKS = YES;
				GCC_WARN_64_TO_32_BIT_CONVERSION = YES;
				GCC_WARN_ABOUT_RETURN_TYPE = YES_ERROR;
				GCC_WARN_UNDECLARED_SELECTOR = YES;
				GCC_WARN_UNINITIALIZED_AUTOS = YES_AGGRESSIVE;
				GCC_WARN_UNUSED_FUNCTION = YES;
				GCC_WARN_UNUSED_VARIABLE = YES;
				IPHONEOS_DEPLOYMENT_TARGET = 17.0;
				LOCALIZATION_PREFERS_STRING_CATALOGS = YES;
				MTL_ENABLE_DEBUG_INFO = NO;
				MTL_FAST_MATH = YES;
				SDKROOT = iphoneos;
				SWIFT_COMPILATION_MODE = wholemodule;
				VALIDATE_PRODUCT = YES;
			};
			name = Release;
		};
		F4C8B1112BE10E820076DC8D /* Debug */ = {
			isa = XCBuildConfiguration;
			buildSettings = {
				ASSETCATALOG_COMPILER_APPICON_NAME = AppIcon;
				ASSETCATALOG_COMPILER_GLOBAL_ACCENT_COLOR_NAME = AccentColor;
				CODE_SIGN_STYLE = Automatic;
				CURRENT_PROJECT_VERSION = 1;
				DEVELOPMENT_TEAM = 94FVSLY3WZ;
				GENERATE_INFOPLIST_FILE = YES;
				INFOPLIST_KEY_UIApplicationSupportsIndirectInputEvents = YES;
				INFOPLIST_KEY_UILaunchStoryboardName = LaunchScreen.storyboard;
				INFOPLIST_KEY_UIMainStoryboardFile = Main;
				INFOPLIST_KEY_UIStatusBarHidden = YES;
				INFOPLIST_KEY_UISupportedInterfaceOrientations_iPad = "UIInterfaceOrientationPortrait UIInterfaceOrientationPortraitUpsideDown UIInterfaceOrientationLandscapeLeft UIInterfaceOrientationLandscapeRight";
				INFOPLIST_KEY_UISupportedInterfaceOrientations_iPhone = "UIInterfaceOrientationPortrait UIInterfaceOrientationLandscapeLeft UIInterfaceOrientationLandscapeRight";
				LD_RUNPATH_SEARCH_PATHS = (
					"$(inherited)",
					"@executable_path/Frameworks",
				);
				MARKETING_VERSION = 1.0;
				PRODUCT_BUNDLE_IDENTIFIER = by.sanches.MemoryGame;
				PRODUCT_NAME = "$(TARGET_NAME)";
				SWIFT_EMIT_LOC_STRINGS = YES;
				SWIFT_VERSION = 5.0;
				TARGETED_DEVICE_FAMILY = "1,2";
			};
			name = Debug;
		};
		F4C8B1122BE10E820076DC8D /* Release */ = {
			isa = XCBuildConfiguration;
			buildSettings = {
				ASSETCATALOG_COMPILER_APPICON_NAME = AppIcon;
				ASSETCATALOG_COMPILER_GLOBAL_ACCENT_COLOR_NAME = AccentColor;
				CODE_SIGN_STYLE = Automatic;
				CURRENT_PROJECT_VERSION = 1;
				DEVELOPMENT_TEAM = 94FVSLY3WZ;
				GENERATE_INFOPLIST_FILE = YES;
				INFOPLIST_KEY_UIApplicationSupportsIndirectInputEvents = YES;
				INFOPLIST_KEY_UILaunchStoryboardName = LaunchScreen.storyboard;
				INFOPLIST_KEY_UIMainStoryboardFile = Main;
				INFOPLIST_KEY_UIStatusBarHidden = YES;
				INFOPLIST_KEY_UISupportedInterfaceOrientations_iPad = "UIInterfaceOrientationPortrait UIInterfaceOrientationPortraitUpsideDown UIInterfaceOrientationLandscapeLeft UIInterfaceOrientationLandscapeRight";
				INFOPLIST_KEY_UISupportedInterfaceOrientations_iPhone = "UIInterfaceOrientationPortrait UIInterfaceOrientationLandscapeLeft UIInterfaceOrientationLandscapeRight";
				LD_RUNPATH_SEARCH_PATHS = (
					"$(inherited)",
					"@executable_path/Frameworks",
				);
				MARKETING_VERSION = 1.0;
				PRODUCT_BUNDLE_IDENTIFIER = by.sanches.MemoryGame;
				PRODUCT_NAME = "$(TARGET_NAME)";
				SWIFT_EMIT_LOC_STRINGS = YES;
				SWIFT_VERSION = 5.0;
				TARGETED_DEVICE_FAMILY = "1,2";
			};
			name = Release;
		};
/* End XCBuildConfiguration section */

/* Begin XCConfigurationList section */
		F4C8B0F42BE10E7F0076DC8D /* Build configuration list for PBXProject "MemoryGame" */ = {
			isa = XCConfigurationList;
			buildConfigurations = (
				F4C8B10E2BE10E820076DC8D /* Debug */,
				F4C8B10F2BE10E820076DC8D /* Release */,
			);
			defaultConfigurationIsVisible = 0;
			defaultConfigurationName = Release;
		};
		F4C8B1102BE10E820076DC8D /* Build configuration list for PBXNativeTarget "MemoryGame" */ = {
			isa = XCConfigurationList;
			buildConfigurations = (
				F4C8B1112BE10E820076DC8D /* Debug */,
				F4C8B1122BE10E820076DC8D /* Release */,
			);
			defaultConfigurationIsVisible = 0;
			defaultConfigurationName = Release;
		};
/* End XCConfigurationList section */
	};
	rootObject = F4C8B0F12BE10E7F0076DC8D /* Project object */;
}
